{
  "nodes": {
    "nixpkgs": {
      "locked": {
        "lastModified": 1638279546,
        "narHash": "sha256-1KCwN7twjp1dBdp0jPgVdYFztDkCR8+roo0B34J9oBY=",
        "owner": "NixOS",
        "repo": "nixpkgs",
        "rev": "96b4157790fc96e70d6e6c115e3f34bba7be490f",
        "type": "github"
      },
      "original": {
        "id": "nixpkgs",
        "ref": "nixos-21.11",
        "type": "indirect"
      }
    },
    "root": {
      "inputs": {
        "nixpkgs": "nixpkgs"
      }
    }
  },
  "root": "root",
  "version": 7
}
